
Microsoft Visual Studio Solution File, Format Version 12.00
# Visual Studio Version 17
VisualStudioVersion = 17.3.32811.315
MinimumVisualStudioVersion = 10.0.40219.1
Project("{FAE04EC0-301F-11D3-BF4B-00C04F79EFBC}") = "MyProjekt", "MyProjekt\MyProjekt.csproj", "{F7665F88-E3DF-44D0-8644-E4DD9E802638}"
EndProject
Global
	GlobalSection(SolutionConfigurationPlatforms) = preSolution
		Debug|Any CPU = Debug|Any CPU
		Release|Any CPU = Release|Any CPU
	EndGlobalSection
	GlobalSection(ProjectConfigurationPlatforms) = postSolution
		{F7665F88-E3DF-44D0-8644-E4DD9E802638}.Debug|Any CPU.ActiveCfg = Debug|Any CPU
		{F7665F88-E3DF-44D0-8644-E4DD9E802638}.Debug|Any CPU.Build.0 = Debug|Any CPU
		{F7665F88-E3DF-44D0-8644-E4DD9E802638}.Release|Any CPU.ActiveCfg = Release|Any CPU
		{F7665F88-E3DF-44D0-8644-E4DD9E802638}.Release|Any CPU.Build.0 = Release|Any CPU
	EndGlobalSection
	GlobalSection(SolutionProperties) = preSolution
		HideSolutionNode = FALSE
	EndGlobalSection
	GlobalSection(ExtensibilityGlobals) = postSolution
		SolutionGuid = {409F479E-576F-4098-915A-9F6506575199}
	EndGlobalSection
EndGlobal
